
Microsoft Visual Studio Solution File, Format Version 12.00
# Visual Studio 14
VisualStudioVersion = 14.0.25123.0
MinimumVisualStudioVersion = 10.0.40219.1
Project("{FAE04EC0-301F-11D3-BF4B-00C04F79EFBC}") = "ObjectCreation", "ObjectCreation\ObjectCreation.csproj", "{24DD8CDF-DFF1-420A-98FB-7CCB266BEDDA}"
EndProject
Global
	GlobalSection(SolutionConfigurationPlatforms) = preSolution
		Debug|Any CPU = Debug|Any CPU
		Release|Any CPU = Release|Any CPU
	EndGlobalSection
	GlobalSection(ProjectConfigurationPlatforms) = postSolution
		{24DD8CDF-DFF1-420A-98FB-7CCB266BEDDA}.Debug|Any CPU.ActiveCfg = Debug|Any CPU
		{24DD8CDF-DFF1-420A-98FB-7CCB266BEDDA}.Debug|Any CPU.Build.0 = Debug|Any CPU
		{24DD8CDF-DFF1-420A-98FB-7CCB266BEDDA}.Release|Any CPU.ActiveCfg = Release|Any CPU
		{24DD8CDF-DFF1-420A-98FB-7CCB266BEDDA}.Release|Any CPU.Build.0 = Release|Any CPU
	EndGlobalSection
	GlobalSection(SolutionProperties) = preSolution
		HideSolutionNode = FALSE
	EndGlobalSection
EndGlobal
