
Microsoft Visual Studio Solution File, Format Version 12.00
# Visual Studio 14
VisualStudioVersion = 14.0.25123.0
MinimumVisualStudioVersion = 10.0.40219.1
Project("{FAE04EC0-301F-11D3-BF4B-00C04F79EFBC}") = "Assessment1", "Assessment1\Assessment1.csproj", "{7D773E1A-3F3E-4688-B774-56B2F6CD2DD1}"
EndProject
Global
	GlobalSection(SolutionConfigurationPlatforms) = preSolution
		Debug|Any CPU = Debug|Any CPU
		Release|Any CPU = Release|Any CPU
	EndGlobalSection
	GlobalSection(ProjectConfigurationPlatforms) = postSolution
		{7D773E1A-3F3E-4688-B774-56B2F6CD2DD1}.Debug|Any CPU.ActiveCfg = Debug|Any CPU
		{7D773E1A-3F3E-4688-B774-56B2F6CD2DD1}.Debug|Any CPU.Build.0 = Debug|Any CPU
		{7D773E1A-3F3E-4688-B774-56B2F6CD2DD1}.Release|Any CPU.ActiveCfg = Release|Any CPU
		{7D773E1A-3F3E-4688-B774-56B2F6CD2DD1}.Release|Any CPU.Build.0 = Release|Any CPU
	EndGlobalSection
	GlobalSection(SolutionProperties) = preSolution
		HideSolutionNode = FALSE
	EndGlobalSection
EndGlobal
