
Microsoft Visual Studio Solution File, Format Version 12.00
# Visual Studio 14
VisualStudioVersion = 14.0.25123.0
MinimumVisualStudioVersion = 10.0.40219.1
Project("{FAE04EC0-301F-11D3-BF4B-00C04F79EFBC}") = "Assessment1", "Assessment1\Assessment1.csproj", "{F707B510-DE43-4BD3-8850-F7197AB562D8}"
EndProject
Global
	GlobalSection(SolutionConfigurationPlatforms) = preSolution
		Debug|Any CPU = Debug|Any CPU
		Release|Any CPU = Release|Any CPU
	EndGlobalSection
	GlobalSection(ProjectConfigurationPlatforms) = postSolution
		{F707B510-DE43-4BD3-8850-F7197AB562D8}.Debug|Any CPU.ActiveCfg = Debug|Any CPU
		{F707B510-DE43-4BD3-8850-F7197AB562D8}.Debug|Any CPU.Build.0 = Debug|Any CPU
		{F707B510-DE43-4BD3-8850-F7197AB562D8}.Release|Any CPU.ActiveCfg = Release|Any CPU
		{F707B510-DE43-4BD3-8850-F7197AB562D8}.Release|Any CPU.Build.0 = Release|Any CPU
	EndGlobalSection
	GlobalSection(SolutionProperties) = preSolution
		HideSolutionNode = FALSE
	EndGlobalSection
EndGlobal
